
Microsoft Visual Studio Solution File, Format Version 12.00
# Visual Studio Version 16
VisualStudioVersion = 16.0.29306.81
MinimumVisualStudioVersion = 10.0.40219.1
Project("{9A19103F-16F7-4668-BE54-9A1E7A4F7556}") = "DataBaseApi", "DataBaseApi\DataBaseApi.csproj", "{257A021A-80E2-4ABC-A21D-14192AF9AFD7}"
EndProject
Project("{9A19103F-16F7-4668-BE54-9A1E7A4F7556}") = "Test", "Test\Test.csproj", "{316C7119-128D-468E-962B-1087947EB011}"
EndProject
Project("{E53339B2-1760-4266-BCC7-CA923CBCF16C}") = "docker-compose", "docker-compose.dcproj", "{FB0DD850-C2D3-40FC-8D1C-2F6CA476691F}"
EndProject
Global
	GlobalSection(SolutionConfigurationPlatforms) = preSolution
		Debug|Any CPU = Debug|Any CPU
		Release|Any CPU = Release|Any CPU
	EndGlobalSection
	GlobalSection(ProjectConfigurationPlatforms) = postSolution
		{257A021A-80E2-4ABC-A21D-14192AF9AFD7}.Debug|Any CPU.ActiveCfg = Debug|Any CPU
		{257A021A-80E2-4ABC-A21D-14192AF9AFD7}.Debug|Any CPU.Build.0 = Debug|Any CPU
		{257A021A-80E2-4ABC-A21D-14192AF9AFD7}.Release|Any CPU.ActiveCfg = Release|Any CPU
		{257A021A-80E2-4ABC-A21D-14192AF9AFD7}.Release|Any CPU.Build.0 = Release|Any CPU
		{316C7119-128D-468E-962B-1087947EB011}.Debug|Any CPU.ActiveCfg = Debug|Any CPU
		{316C7119-128D-468E-962B-1087947EB011}.Debug|Any CPU.Build.0 = Debug|Any CPU
		{316C7119-128D-468E-962B-1087947EB011}.Release|Any CPU.ActiveCfg = Release|Any CPU
		{316C7119-128D-468E-962B-1087947EB011}.Release|Any CPU.Build.0 = Release|Any CPU
		{FB0DD850-C2D3-40FC-8D1C-2F6CA476691F}.Debug|Any CPU.ActiveCfg = Debug|Any CPU
		{FB0DD850-C2D3-40FC-8D1C-2F6CA476691F}.Debug|Any CPU.Build.0 = Debug|Any CPU
		{FB0DD850-C2D3-40FC-8D1C-2F6CA476691F}.Release|Any CPU.ActiveCfg = Release|Any CPU
		{FB0DD850-C2D3-40FC-8D1C-2F6CA476691F}.Release|Any CPU.Build.0 = Release|Any CPU
	EndGlobalSection
	GlobalSection(SolutionProperties) = preSolution
		HideSolutionNode = FALSE
	EndGlobalSection
	GlobalSection(ExtensibilityGlobals) = postSolution
		SolutionGuid = {086F689E-F64A-4855-891D-C8B398DC06EF}
	EndGlobalSection
EndGlobal
